// !$*UTF8*$!
{
	archiveVersion = 1;
	classes = {
	};
	objectVersion = 50;
	objects = {

/* Begin PBXBuildFile section */
		4011E60078261414CCEBFF6F /* Pods_CircleCiUITests.framework in Frameworks */ = {isa = PBXBuildFile; fileRef = A2EEB16A24D988794FBB42AB /* Pods_CircleCiUITests.framework */; };
		74A7F6C021E6456A00F27BD7 /* AppDelegate.swift in Sources */ = {isa = PBXBuildFile; fileRef = 74A7F6BF21E6456A00F27BD7 /* AppDelegate.swift */; };
		74A7F6C221E6456A00F27BD7 /* ViewController.swift in Sources */ = {isa = PBXBuildFile; fileRef = 74A7F6C121E6456A00F27BD7 /* ViewController.swift */; };
		74A7F6C521E6456A00F27BD7 /* Main.storyboard in Resources */ = {isa = PBXBuildFile; fileRef = 74A7F6C321E6456A00F27BD7 /* Main.storyboard */; };
		74A7F6C721E6456C00F27BD7 /* Assets.xcassets in Resources */ = {isa = PBXBuildFile; fileRef = 74A7F6C621E6456C00F27BD7 /* Assets.xcassets */; };
		74A7F6CA21E6456C00F27BD7 /* LaunchScreen.storyboard in Resources */ = {isa = PBXBuildFile; fileRef = 74A7F6C821E6456C00F27BD7 /* LaunchScreen.storyboard */; };
		74A7F6D521E6456C00F27BD7 /* CircleCiTests.swift in Sources */ = {isa = PBXBuildFile; fileRef = 74A7F6D421E6456C00F27BD7 /* CircleCiTests.swift */; };
		74A7F6E021E6456C00F27BD7 /* CircleCiUITests.swift in Sources */ = {isa = PBXBuildFile; fileRef = 74A7F6DF21E6456C00F27BD7 /* CircleCiUITests.swift */; };
		9212EE4C7B3A89850BD3DE5C /* Pods_CircleCi.framework in Frameworks */ = {isa = PBXBuildFile; fileRef = 3708DEC4FEC227088A1B47B6 /* Pods_CircleCi.framework */; };
		9A3DB49C7487CAA36A33728F /* Pods_CircleCiTests.framework in Frameworks */ = {isa = PBXBuildFile; fileRef = 93CC3A17B4EAB9F8BAABD9E7 /* Pods_CircleCiTests.framework */; };
/* End PBXBuildFile section */

/* Begin PBXContainerItemProxy section */
		74A7F6D121E6456C00F27BD7 /* PBXContainerItemProxy */ = {
			isa = PBXContainerItemProxy;
			containerPortal = 74A7F6B421E6456A00F27BD7 /* Project object */;
			proxyType = 1;
			remoteGlobalIDString = 74A7F6BB21E6456A00F27BD7;
			remoteInfo = CircleCi;
		};
		74A7F6DC21E6456C00F27BD7 /* PBXContainerItemProxy */ = {
			isa = PBXContainerItemProxy;
			containerPortal = 74A7F6B421E6456A00F27BD7 /* Project object */;
			proxyType = 1;
			remoteGlobalIDString = 74A7F6BB21E6456A00F27BD7;
			remoteInfo = CircleCi;
		};
/* End PBXContainerItemProxy section */

/* Begin PBXFileReference section */
		0AD53E7BE29738C4D3A0F913 /* Pods-CircleCiTests.release.xcconfig */ = {isa = PBXFileReference; includeInIndex = 1; lastKnownFileType = text.xcconfig; name = "Pods-CircleCiTests.release.xcconfig"; path = "Pods/Target Support Files/Pods-CircleCiTests/Pods-CircleCiTests.release.xcconfig"; sourceTree = "<group>"; };
		2650F1A75180D706FB6978B2 /* Pods-CircleCi.release.xcconfig */ = {isa = PBXFileReference; includeInIndex = 1; lastKnownFileType = text.xcconfig; name = "Pods-CircleCi.release.xcconfig"; path = "Pods/Target Support Files/Pods-CircleCi/Pods-CircleCi.release.xcconfig"; sourceTree = "<group>"; };
		3708DEC4FEC227088A1B47B6 /* Pods_CircleCi.framework */ = {isa = PBXFileReference; explicitFileType = wrapper.framework; includeInIndex = 0; path = Pods_CircleCi.framework; sourceTree = BUILT_PRODUCTS_DIR; };
		6E1A4E04BDE7D298478C410F /* Pods-CircleCiUITests.release.xcconfig */ = {isa = PBXFileReference; includeInIndex = 1; lastKnownFileType = text.xcconfig; name = "Pods-CircleCiUITests.release.xcconfig"; path = "Pods/Target Support Files/Pods-CircleCiUITests/Pods-CircleCiUITests.release.xcconfig"; sourceTree = "<group>"; };
		74A7F6BC21E6456A00F27BD7 /* CircleCi.app */ = {isa = PBXFileReference; explicitFileType = wrapper.application; includeInIndex = 0; path = CircleCi.app; sourceTree = BUILT_PRODUCTS_DIR; };
		74A7F6BF21E6456A00F27BD7 /* AppDelegate.swift */ = {isa = PBXFileReference; lastKnownFileType = sourcecode.swift; path = AppDelegate.swift; sourceTree = "<group>"; };
		74A7F6C121E6456A00F27BD7 /* ViewController.swift */ = {isa = PBXFileReference; lastKnownFileType = sourcecode.swift; path = ViewController.swift; sourceTree = "<group>"; };
		74A7F6C421E6456A00F27BD7 /* Base */ = {isa = PBXFileReference; lastKnownFileType = file.storyboard; name = Base; path = Base.lproj/Main.storyboard; sourceTree = "<group>"; };
		74A7F6C621E6456C00F27BD7 /* Assets.xcassets */ = {isa = PBXFileReference; lastKnownFileType = folder.assetcatalog; path = Assets.xcassets; sourceTree = "<group>"; };
		74A7F6C921E6456C00F27BD7 /* Base */ = {isa = PBXFileReference; lastKnownFileType = file.storyboard; name = Base; path = Base.lproj/LaunchScreen.storyboard; sourceTree = "<group>"; };
		74A7F6CB21E6456C00F27BD7 /* Info.plist */ = {isa = PBXFileReference; lastKnownFileType = text.plist.xml; path = Info.plist; sourceTree = "<group>"; };
		74A7F6D021E6456C00F27BD7 /* CircleCiTests.xctest */ = {isa = PBXFileReference; explicitFileType = wrapper.cfbundle; includeInIndex = 0; path = CircleCiTests.xctest; sourceTree = BUILT_PRODUCTS_DIR; };
		74A7F6D421E6456C00F27BD7 /* CircleCiTests.swift */ = {isa = PBXFileReference; lastKnownFileType = sourcecode.swift; path = CircleCiTests.swift; sourceTree = "<group>"; };
		74A7F6D621E6456C00F27BD7 /* Info.plist */ = {isa = PBXFileReference; lastKnownFileType = text.plist.xml; path = Info.plist; sourceTree = "<group>"; };
		74A7F6DB21E6456C00F27BD7 /* CircleCiUITests.xctest */ = {isa = PBXFileReference; explicitFileType = wrapper.cfbundle; includeInIndex = 0; path = CircleCiUITests.xctest; sourceTree = BUILT_PRODUCTS_DIR; };
		74A7F6DF21E6456C00F27BD7 /* CircleCiUITests.swift */ = {isa = PBXFileReference; lastKnownFileType = sourcecode.swift; path = CircleCiUITests.swift; sourceTree = "<group>"; };
		74A7F6E121E6456C00F27BD7 /* Info.plist */ = {isa = PBXFileReference; lastKnownFileType = text.plist.xml; path = Info.plist; sourceTree = "<group>"; };
		7A954D3704E542FE340DE832 /* Pods-CircleCiUITests.debug.xcconfig */ = {isa = PBXFileReference; includeInIndex = 1; lastKnownFileType = text.xcconfig; name = "Pods-CircleCiUITests.debug.xcconfig"; path = "Pods/Target Support Files/Pods-CircleCiUITests/Pods-CircleCiUITests.debug.xcconfig"; sourceTree = "<group>"; };
		818101A2A70875EA448BA687 /* Pods-CircleCi.debug.xcconfig */ = {isa = PBXFileReference; includeInIndex = 1; lastKnownFileType = text.xcconfig; name = "Pods-CircleCi.debug.xcconfig"; path = "Pods/Target Support Files/Pods-CircleCi/Pods-CircleCi.debug.xcconfig"; sourceTree = "<group>"; };
		93CC3A17B4EAB9F8BAABD9E7 /* Pods_CircleCiTests.framework */ = {isa = PBXFileReference; explicitFileType = wrapper.framework; includeInIndex = 0; path = Pods_CircleCiTests.framework; sourceTree = BUILT_PRODUCTS_DIR; };
		A2EEB16A24D988794FBB42AB /* Pods_CircleCiUITests.framework */ = {isa = PBXFileReference; explicitFileType = wrapper.framework; includeInIndex = 0; path = Pods_CircleCiUITests.framework; sourceTree = BUILT_PRODUCTS_DIR; };
		B72FE194BC42AAEE2E1BD091 /* Pods-CircleCiTests.debug.xcconfig */ = {isa = PBXFileReference; includeInIndex = 1; lastKnownFileType = text.xcconfig; name = "Pods-CircleCiTests.debug.xcconfig"; path = "Pods/Target Support Files/Pods-CircleCiTests/Pods-CircleCiTests.debug.xcconfig"; sourceTree = "<group>"; };
/* End PBXFileReference section */

/* Begin PBXFrameworksBuildPhase section */
		74A7F6B921E6456A00F27BD7 /* Frameworks */ = {
			isa = PBXFrameworksBuildPhase;
			buildActionMask = 2147483647;
			files = (
				9212EE4C7B3A89850BD3DE5C /* Pods_CircleCi.framework in Frameworks */,
			);
			runOnlyForDeploymentPostprocessing = 0;
		};
		74A7F6CD21E6456C00F27BD7 /* Frameworks */ = {
			isa = PBXFrameworksBuildPhase;
			buildActionMask = 2147483647;
			files = (
				9A3DB49C7487CAA36A33728F /* Pods_CircleCiTests.framework in Frameworks */,
			);
			runOnlyForDeploymentPostprocessing = 0;
		};
		74A7F6D821E6456C00F27BD7 /* Frameworks */ = {
			isa = PBXFrameworksBuildPhase;
			buildActionMask = 2147483647;
			files = (
				4011E60078261414CCEBFF6F /* Pods_CircleCiUITests.framework in Frameworks */,
			);
			runOnlyForDeploymentPostprocessing = 0;
		};
/* End PBXFrameworksBuildPhase section */

/* Begin PBXGroup section */
		53865ACE53691E72BA2C781D /* Frameworks */ = {
			isa = PBXGroup;
			children = (
				3708DEC4FEC227088A1B47B6 /* Pods_CircleCi.framework */,
				93CC3A17B4EAB9F8BAABD9E7 /* Pods_CircleCiTests.framework */,
				A2EEB16A24D988794FBB42AB /* Pods_CircleCiUITests.framework */,
			);
			name = Frameworks;
			sourceTree = "<group>";
		};
		74A7F6B321E6456A00F27BD7 = {
			isa = PBXGroup;
			children = (
				74A7F6BE21E6456A00F27BD7 /* CircleCi */,
				74A7F6D321E6456C00F27BD7 /* CircleCiTests */,
				74A7F6DE21E6456C00F27BD7 /* CircleCiUITests */,
				74A7F6BD21E6456A00F27BD7 /* Products */,
				EC05FE269CEA5A3943B89FC9 /* Pods */,
				53865ACE53691E72BA2C781D /* Frameworks */,
			);
			sourceTree = "<group>";
		};
		74A7F6BD21E6456A00F27BD7 /* Products */ = {
			isa = PBXGroup;
			children = (
				74A7F6BC21E6456A00F27BD7 /* CircleCi.app */,
				74A7F6D021E6456C00F27BD7 /* CircleCiTests.xctest */,
				74A7F6DB21E6456C00F27BD7 /* CircleCiUITests.xctest */,
			);
			name = Products;
			sourceTree = "<group>";
		};
		74A7F6BE21E6456A00F27BD7 /* CircleCi */ = {
			isa = PBXGroup;
			children = (
				74A7F6BF21E6456A00F27BD7 /* AppDelegate.swift */,
				74A7F6C121E6456A00F27BD7 /* ViewController.swift */,
				74A7F6C321E6456A00F27BD7 /* Main.storyboard */,
				74A7F6C621E6456C00F27BD7 /* Assets.xcassets */,
				74A7F6C821E6456C00F27BD7 /* LaunchScreen.storyboard */,
				74A7F6CB21E6456C00F27BD7 /* Info.plist */,
			);
			path = CircleCi;
			sourceTree = "<group>";
		};
		74A7F6D321E6456C00F27BD7 /* CircleCiTests */ = {
			isa = PBXGroup;
			children = (
				74A7F6D421E6456C00F27BD7 /* CircleCiTests.swift */,
				74A7F6D621E6456C00F27BD7 /* Info.plist */,
			);
			path = CircleCiTests;
			sourceTree = "<group>";
		};
		74A7F6DE21E6456C00F27BD7 /* CircleCiUITests */ = {
			isa = PBXGroup;
			children = (
				74A7F6DF21E6456C00F27BD7 /* CircleCiUITests.swift */,
				74A7F6E121E6456C00F27BD7 /* Info.plist */,
			);
			path = CircleCiUITests;
			sourceTree = "<group>";
		};
		EC05FE269CEA5A3943B89FC9 /* Pods */ = {
			isa = PBXGroup;
			children = (
				818101A2A70875EA448BA687 /* Pods-CircleCi.debug.xcconfig */,
				2650F1A75180D706FB6978B2 /* Pods-CircleCi.release.xcconfig */,
				B72FE194BC42AAEE2E1BD091 /* Pods-CircleCiTests.debug.xcconfig */,
				0AD53E7BE29738C4D3A0F913 /* Pods-CircleCiTests.release.xcconfig */,
				7A954D3704E542FE340DE832 /* Pods-CircleCiUITests.debug.xcconfig */,
				6E1A4E04BDE7D298478C410F /* Pods-CircleCiUITests.release.xcconfig */,
			);
			name = Pods;
			sourceTree = "<group>";
		};
/* End PBXGroup section */

/* Begin PBXNativeTarget section */
		74A7F6BB21E6456A00F27BD7 /* CircleCi */ = {
			isa = PBXNativeTarget;
			buildConfigurationList = 74A7F6E421E6456C00F27BD7 /* Build configuration list for PBXNativeTarget "CircleCi" */;
			buildPhases = (
				7585821FA43955559CDA56F0 /* [CP] Check Pods Manifest.lock */,
				74A7F6B821E6456A00F27BD7 /* Sources */,
				74A7F6B921E6456A00F27BD7 /* Frameworks */,
				74A7F6BA21E6456A00F27BD7 /* Resources */,
			);
			buildRules = (
			);
			dependencies = (
			);
			name = CircleCi;
			productName = CircleCi;
			productReference = 74A7F6BC21E6456A00F27BD7 /* CircleCi.app */;
			productType = "com.apple.product-type.application";
		};
		74A7F6CF21E6456C00F27BD7 /* CircleCiTests */ = {
			isa = PBXNativeTarget;
			buildConfigurationList = 74A7F6E721E6456C00F27BD7 /* Build configuration list for PBXNativeTarget "CircleCiTests" */;
			buildPhases = (
				573339FEF3B6802E4BCEB18B /* [CP] Check Pods Manifest.lock */,
				74A7F6CC21E6456C00F27BD7 /* Sources */,
				74A7F6CD21E6456C00F27BD7 /* Frameworks */,
				74A7F6CE21E6456C00F27BD7 /* Resources */,
			);
			buildRules = (
			);
			dependencies = (
				74A7F6D221E6456C00F27BD7 /* PBXTargetDependency */,
			);
			name = CircleCiTests;
			productName = CircleCiTests;
			productReference = 74A7F6D021E6456C00F27BD7 /* CircleCiTests.xctest */;
			productType = "com.apple.product-type.bundle.unit-test";
		};
		74A7F6DA21E6456C00F27BD7 /* CircleCiUITests */ = {
			isa = PBXNativeTarget;
			buildConfigurationList = 74A7F6EA21E6456C00F27BD7 /* Build configuration list for PBXNativeTarget "CircleCiUITests" */;
			buildPhases = (
				38CFC97D69A6635E3AFC4B42 /* [CP] Check Pods Manifest.lock */,
				74A7F6D721E6456C00F27BD7 /* Sources */,
				74A7F6D821E6456C00F27BD7 /* Frameworks */,
				74A7F6D921E6456C00F27BD7 /* Resources */,
			);
			buildRules = (
			);
			dependencies = (
				74A7F6DD21E6456C00F27BD7 /* PBXTargetDependency */,
			);
			name = CircleCiUITests;
			productName = CircleCiUITests;
			productReference = 74A7F6DB21E6456C00F27BD7 /* CircleCiUITests.xctest */;
			productType = "com.apple.product-type.bundle.ui-testing";
		};
/* End PBXNativeTarget section */

/* Begin PBXProject section */
		74A7F6B421E6456A00F27BD7 /* Project object */ = {
			isa = PBXProject;
			attributes = {
				LastSwiftUpdateCheck = 1010;
				LastUpgradeCheck = 1010;
				ORGANIZATIONNAME = PillarTechnology;
				TargetAttributes = {
					74A7F6BB21E6456A00F27BD7 = {
						CreatedOnToolsVersion = 10.1;
					};
					74A7F6CF21E6456C00F27BD7 = {
						CreatedOnToolsVersion = 10.1;
						TestTargetID = 74A7F6BB21E6456A00F27BD7;
					};
					74A7F6DA21E6456C00F27BD7 = {
						CreatedOnToolsVersion = 10.1;
						TestTargetID = 74A7F6BB21E6456A00F27BD7;
					};
				};
			};
			buildConfigurationList = 74A7F6B721E6456A00F27BD7 /* Build configuration list for PBXProject "CircleCi" */;
			compatibilityVersion = "Xcode 9.3";
			developmentRegion = en;
			hasScannedForEncodings = 0;
			knownRegions = (
				en,
				Base,
			);
			mainGroup = 74A7F6B321E6456A00F27BD7;
			productRefGroup = 74A7F6BD21E6456A00F27BD7 /* Products */;
			projectDirPath = "";
			projectRoot = "";
			targets = (
				74A7F6BB21E6456A00F27BD7 /* CircleCi */,
				74A7F6CF21E6456C00F27BD7 /* CircleCiTests */,
				74A7F6DA21E6456C00F27BD7 /* CircleCiUITests */,
			);
		};
/* End PBXProject section */

/* Begin PBXResourcesBuildPhase section */
		74A7F6BA21E6456A00F27BD7 /* Resources */ = {
			isa = PBXResourcesBuildPhase;
			buildActionMask = 2147483647;
			files = (
				74A7F6CA21E6456C00F27BD7 /* LaunchScreen.storyboard in Resources */,
				74A7F6C721E6456C00F27BD7 /* Assets.xcassets in Resources */,
				74A7F6C521E6456A00F27BD7 /* Main.storyboard in Resources */,
			);
			runOnlyForDeploymentPostprocessing = 0;
		};
		74A7F6CE21E6456C00F27BD7 /* Resources */ = {
			isa = PBXResourcesBuildPhase;
			buildActionMask = 2147483647;
			files = (
			);
			runOnlyForDeploymentPostprocessing = 0;
		};
		74A7F6D921E6456C00F27BD7 /* Resources */ = {
			isa = PBXResourcesBuildPhase;
			buildActionMask = 2147483647;
			files = (
			);
			runOnlyForDeploymentPostprocessing = 0;
		};
/* End PBXResourcesBuildPhase section */

/* Begin PBXShellScriptBuildPhase section */
		38CFC97D69A6635E3AFC4B42 /* [CP] Check Pods Manifest.lock */ = {
			isa = PBXShellScriptBuildPhase;
			buildActionMask = 2147483647;
			files = (
			);
			inputFileListPaths = (
			);
			inputPaths = (
				"${PODS_PODFILE_DIR_PATH}/Podfile.lock",
				"${PODS_ROOT}/Manifest.lock",
			);
			name = "[CP] Check Pods Manifest.lock";
			outputFileListPaths = (
			);
			outputPaths = (
				"$(DERIVED_FILE_DIR)/Pods-CircleCiUITests-checkManifestLockResult.txt",
			);
			runOnlyForDeploymentPostprocessing = 0;
			shellPath = /bin/sh;
			shellScript = "diff \"${PODS_PODFILE_DIR_PATH}/Podfile.lock\" \"${PODS_ROOT}/Manifest.lock\" > /dev/null\nif [ $? != 0 ] ; then\n    # print error to STDERR\n    echo \"error: The sandbox is not in sync with the Podfile.lock. Run 'pod install' or update your CocoaPods installation.\" >&2\n    exit 1\nfi\n# This output is used by Xcode 'outputs' to avoid re-running this script phase.\necho \"SUCCESS\" > \"${SCRIPT_OUTPUT_FILE_0}\"\n";
			showEnvVarsInLog = 0;
		};
		573339FEF3B6802E4BCEB18B /* [CP] Check Pods Manifest.lock */ = {
			isa = PBXShellScriptBuildPhase;
			buildActionMask = 2147483647;
			files = (
			);
			inputFileListPaths = (
			);
			inputPaths = (
				"${PODS_PODFILE_DIR_PATH}/Podfile.lock",
				"${PODS_ROOT}/Manifest.lock",
			);
			name = "[CP] Check Pods Manifest.lock";
			outputFileListPaths = (
			);
			outputPaths = (
				"$(DERIVED_FILE_DIR)/Pods-CircleCiTests-checkManifestLockResult.txt",
			);
			runOnlyForDeploymentPostprocessing = 0;
			shellPath = /bin/sh;
			shellScript = "diff \"${PODS_PODFILE_DIR_PATH}/Podfile.lock\" \"${PODS_ROOT}/Manifest.lock\" > /dev/null\nif [ $? != 0 ] ; then\n    # print error to STDERR\n    echo \"error: The sandbox is not in sync with the Podfile.lock. Run 'pod install' or update your CocoaPods installation.\" >&2\n    exit 1\nfi\n# This output is used by Xcode 'outputs' to avoid re-running this script phase.\necho \"SUCCESS\" > \"${SCRIPT_OUTPUT_FILE_0}\"\n";
			showEnvVarsInLog = 0;
		};
		7585821FA43955559CDA56F0 /* [CP] Check Pods Manifest.lock */ = {
			isa = PBXShellScriptBuildPhase;
			buildActionMask = 2147483647;
			files = (
			);
			inputFileListPaths = (
			);
			inputPaths = (
				"${PODS_PODFILE_DIR_PATH}/Podfile.lock",
				"${PODS_ROOT}/Manifest.lock",
			);
			name = "[CP] Check Pods Manifest.lock";
			outputFileListPaths = (
			);
			outputPaths = (
				"$(DERIVED_FILE_DIR)/Pods-CircleCi-checkManifestLockResult.txt",
			);
			runOnlyForDeploymentPostprocessing = 0;
			shellPath = /bin/sh;
			shellScript = "diff \"${PODS_PODFILE_DIR_PATH}/Podfile.lock\" \"${PODS_ROOT}/Manifest.lock\" > /dev/null\nif [ $? != 0 ] ; then\n    # print error to STDERR\n    echo \"error: The sandbox is not in sync with the Podfile.lock. Run 'pod install' or update your CocoaPods installation.\" >&2\n    exit 1\nfi\n# This output is used by Xcode 'outputs' to avoid re-running this script phase.\necho \"SUCCESS\" > \"${SCRIPT_OUTPUT_FILE_0}\"\n";
			showEnvVarsInLog = 0;
		};
/* End PBXShellScriptBuildPhase section */

/* Begin PBXSourcesBuildPhase section */
		74A7F6B821E6456A00F27BD7 /* Sources */ = {
			isa = PBXSourcesBuildPhase;
			buildActionMask = 2147483647;
			files = (
				74A7F6C221E6456A00F27BD7 /* ViewController.swift in Sources */,
				74A7F6C021E6456A00F27BD7 /* AppDelegate.swift in Sources */,
			);
			runOnlyForDeploymentPostprocessing = 0;
		};
		74A7F6CC21E6456C00F27BD7 /* Sources */ = {
			isa = PBXSourcesBuildPhase;
			buildActionMask = 2147483647;
			files = (
				74A7F6D521E6456C00F27BD7 /* CircleCiTests.swift in Sources */,
			);
			runOnlyForDeploymentPostprocessing = 0;
		};
		74A7F6D721E6456C00F27BD7 /* Sources */ = {
			isa = PBXSourcesBuildPhase;
			buildActionMask = 2147483647;
			files = (
				74A7F6E021E6456C00F27BD7 /* CircleCiUITests.swift in Sources */,
			);
			runOnlyForDeploymentPostprocessing = 0;
		};
/* End PBXSourcesBuildPhase section */

/* Begin PBXTargetDependency section */
		74A7F6D221E6456C00F27BD7 /* PBXTargetDependency */ = {
			isa = PBXTargetDependency;
			target = 74A7F6BB21E6456A00F27BD7 /* CircleCi */;
			targetProxy = 74A7F6D121E6456C00F27BD7 /* PBXContainerItemProxy */;
		};
		74A7F6DD21E6456C00F27BD7 /* PBXTargetDependency */ = {
			isa = PBXTargetDependency;
			target = 74A7F6BB21E6456A00F27BD7 /* CircleCi */;
			targetProxy = 74A7F6DC21E6456C00F27BD7 /* PBXContainerItemProxy */;
		};
/* End PBXTargetDependency section */

/* Begin PBXVariantGroup section */
		74A7F6C321E6456A00F27BD7 /* Main.storyboard */ = {
			isa = PBXVariantGroup;
			children = (
				74A7F6C421E6456A00F27BD7 /* Base */,
			);
			name = Main.storyboard;
			sourceTree = "<group>";
		};
		74A7F6C821E6456C00F27BD7 /* LaunchScreen.storyboard */ = {
			isa = PBXVariantGroup;
			children = (
				74A7F6C921E6456C00F27BD7 /* Base */,
			);
			name = LaunchScreen.storyboard;
			sourceTree = "<group>";
		};
/* End PBXVariantGroup section */

/* Begin XCBuildConfiguration section */
		74A7F6E221E6456C00F27BD7 /* Debug */ = {
			isa = XCBuildConfiguration;
			buildSettings = {
				ALWAYS_SEARCH_USER_PATHS = NO;
				CLANG_ANALYZER_NONNULL = YES;
				CLANG_ANALYZER_NUMBER_OBJECT_CONVERSION = YES_AGGRESSIVE;
				CLANG_CXX_LANGUAGE_STANDARD = "gnu++14";
				CLANG_CXX_LIBRARY = "libc++";
				CLANG_ENABLE_MODULES = YES;
				CLANG_ENABLE_OBJC_ARC = YES;
				CLANG_ENABLE_OBJC_WEAK = YES;
				CLANG_WARN_BLOCK_CAPTURE_AUTORELEASING = YES;
				CLANG_WARN_BOOL_CONVERSION = YES;
				CLANG_WARN_COMMA = YES;
				CLANG_WARN_CONSTANT_CONVERSION = YES;
				CLANG_WARN_DEPRECATED_OBJC_IMPLEMENTATIONS = YES;
				CLANG_WARN_DIRECT_OBJC_ISA_USAGE = YES_ERROR;
				CLANG_WARN_DOCUMENTATION_COMMENTS = YES;
				CLANG_WARN_EMPTY_BODY = YES;
				CLANG_WARN_ENUM_CONVERSION = YES;
				CLANG_WARN_INFINITE_RECURSION = YES;
				CLANG_WARN_INT_CONVERSION = YES;
				CLANG_WARN_NON_LITERAL_NULL_CONVERSION = YES;
				CLANG_WARN_OBJC_IMPLICIT_RETAIN_SELF = YES;
				CLANG_WARN_OBJC_LITERAL_CONVERSION = YES;
				CLANG_WARN_OBJC_ROOT_CLASS = YES_ERROR;
				CLANG_WARN_RANGE_LOOP_ANALYSIS = YES;
				CLANG_WARN_STRICT_PROTOTYPES = YES;
				CLANG_WARN_SUSPICIOUS_MOVE = YES;
				CLANG_WARN_UNGUARDED_AVAILABILITY = YES_AGGRESSIVE;
				CLANG_WARN_UNREACHABLE_CODE = YES;
				CLANG_WARN__DUPLICATE_METHOD_MATCH = YES;
				CODE_SIGN_IDENTITY = "iPhone Developer";
				COPY_PHASE_STRIP = NO;
				DEBUG_INFORMATION_FORMAT = dwarf;
				ENABLE_STRICT_OBJC_MSGSEND = YES;
				ENABLE_TESTABILITY = YES;
				GCC_C_LANGUAGE_STANDARD = gnu11;
				GCC_DYNAMIC_NO_PIC = NO;
				GCC_NO_COMMON_BLOCKS = YES;
				GCC_OPTIMIZATION_LEVEL = 0;
				GCC_PREPROCESSOR_DEFINITIONS = (
					"DEBUG=1",
					"$(inherited)",
				);
				GCC_WARN_64_TO_32_BIT_CONVERSION = YES;
				GCC_WARN_ABOUT_RETURN_TYPE = YES_ERROR;
				GCC_WARN_UNDECLARED_SELECTOR = YES;
				GCC_WARN_UNINITIALIZED_AUTOS = YES_AGGRESSIVE;
				GCC_WARN_UNUSED_FUNCTION = YES;
				GCC_WARN_UNUSED_VARIABLE = YES;
				IPHONEOS_DEPLOYMENT_TARGET = 12.1;
				MTL_ENABLE_DEBUG_INFO = INCLUDE_SOURCE;
				MTL_FAST_MATH = YES;
				ONLY_ACTIVE_ARCH = YES;
				SDKROOT = iphoneos;
				SWIFT_ACTIVE_COMPILATION_CONDITIONS = DEBUG;
				SWIFT_OPTIMIZATION_LEVEL = "-Onone";
			};
			name = Debug;
		};
		74A7F6E321E6456C00F27BD7 /* Release */ = {
			isa = XCBuildConfiguration;
			buildSettings = {
				ALWAYS_SEARCH_USER_PATHS = NO;
				CLANG_ANALYZER_NONNULL = YES;
				CLANG_ANALYZER_NUMBER_OBJECT_CONVERSION = YES_AGGRESSIVE;
				CLANG_CXX_LANGUAGE_STANDARD = "gnu++14";
				CLANG_CXX_LIBRARY = "libc++";
				CLANG_ENABLE_MODULES = YES;
				CLANG_ENABLE_OBJC_ARC = YES;
				CLANG_ENABLE_OBJC_WEAK = YES;
				CLANG_WARN_BLOCK_CAPTURE_AUTORELEASING = YES;
				CLANG_WARN_BOOL_CONVERSION = YES;
				CLANG_WARN_COMMA = YES;
				CLANG_WARN_CONSTANT_CONVERSION = YES;
				CLANG_WARN_DEPRECATED_OBJC_IMPLEMENTATIONS = YES;
				CLANG_WARN_DIRECT_OBJC_ISA_USAGE = YES_ERROR;
				CLANG_WARN_DOCUMENTATION_COMMENTS = YES;
				CLANG_WARN_EMPTY_BODY = YES;
				CLANG_WARN_ENUM_CONVERSION = YES;
				CLANG_WARN_INFINITE_RECURSION = YES;
				CLANG_WARN_INT_CONVERSION = YES;
				CLANG_WARN_NON_LITERAL_NULL_CONVERSION = YES;
				CLANG_WARN_OBJC_IMPLICIT_RETAIN_SELF = YES;
				CLANG_WARN_OBJC_LITERAL_CONVERSION = YES;
				CLANG_WARN_OBJC_ROOT_CLASS = YES_ERROR;
				CLANG_WARN_RANGE_LOOP_ANALYSIS = YES;
				CLANG_WARN_STRICT_PROTOTYPES = YES;
				CLANG_WARN_SUSPICIOUS_MOVE = YES;
				CLANG_WARN_UNGUARDED_AVAILABILITY = YES_AGGRESSIVE;
				CLANG_WARN_UNREACHABLE_CODE = YES;
				CLANG_WARN__DUPLICATE_METHOD_MATCH = YES;
				CODE_SIGN_IDENTITY = "iPhone Developer";
				COPY_PHASE_STRIP = NO;
				DEBUG_INFORMATION_FORMAT = "dwarf-with-dsym";
				ENABLE_NS_ASSERTIONS = NO;
				ENABLE_STRICT_OBJC_MSGSEND = YES;
				GCC_C_LANGUAGE_STANDARD = gnu11;
				GCC_NO_COMMON_BLOCKS = YES;
				GCC_WARN_64_TO_32_BIT_CONVERSION = YES;
				GCC_WARN_ABOUT_RETURN_TYPE = YES_ERROR;
				GCC_WARN_UNDECLARED_SELECTOR = YES;
				GCC_WARN_UNINITIALIZED_AUTOS = YES_AGGRESSIVE;
				GCC_WARN_UNUSED_FUNCTION = YES;
				GCC_WARN_UNUSED_VARIABLE = YES;
				IPHONEOS_DEPLOYMENT_TARGET = 12.1;
				MTL_ENABLE_DEBUG_INFO = NO;
				MTL_FAST_MATH = YES;
				SDKROOT = iphoneos;
				SWIFT_COMPILATION_MODE = wholemodule;
				SWIFT_OPTIMIZATION_LEVEL = "-O";
				VALIDATE_PRODUCT = YES;
			};
			name = Release;
		};
		74A7F6E521E6456C00F27BD7 /* Debug */ = {
			isa = XCBuildConfiguration;
			baseConfigurationReference = 818101A2A70875EA448BA687 /* Pods-CircleCi.debug.xcconfig */;
			buildSettings = {
				ASSETCATALOG_COMPILER_APPICON_NAME = AppIcon;
				CODE_SIGN_STYLE = Automatic;
				DEVELOPMENT_TEAM = FBLG66BV63;
				INFOPLIST_FILE = CircleCi/Info.plist;
				LD_RUNPATH_SEARCH_PATHS = (
					"$(inherited)",
					"@executable_path/Frameworks",
				);
				PRODUCT_BUNDLE_IDENTIFIER = PillarTechnology.CircleCi;
				PRODUCT_NAME = "$(TARGET_NAME)";
				SWIFT_VERSION = 4.2;
				TARGETED_DEVICE_FAMILY = "1,2";
			};
			name = Debug;
		};
		74A7F6E621E6456C00F27BD7 /* Release */ = {
			isa = XCBuildConfiguration;
			baseConfigurationReference = 2650F1A75180D706FB6978B2 /* Pods-CircleCi.release.xcconfig */;
			buildSettings = {
				ASSETCATALOG_COMPILER_APPICON_NAME = AppIcon;
				CODE_SIGN_STYLE = Automatic;
				DEVELOPMENT_TEAM = FBLG66BV63;
				INFOPLIST_FILE = CircleCi/Info.plist;
				LD_RUNPATH_SEARCH_PATHS = (
					"$(inherited)",
					"@executable_path/Frameworks",
				);
				PRODUCT_BUNDLE_IDENTIFIER = PillarTechnology.CircleCi;
				PRODUCT_NAME = "$(TARGET_NAME)";
				SWIFT_VERSION = 4.2;
				TARGETED_DEVICE_FAMILY = "1,2";
			};
			name = Release;
		};
		74A7F6E821E6456C00F27BD7 /* Debug */ = {
			isa = XCBuildConfiguration;
			baseConfigurationReference = B72FE194BC42AAEE2E1BD091 /* Pods-CircleCiTests.debug.xcconfig */;
			buildSettings = {
				ALWAYS_EMBED_SWIFT_STANDARD_LIBRARIES = YES;
				BUNDLE_LOADER = "$(TEST_HOST)";
				CODE_SIGN_STYLE = Automatic;
				DEVELOPMENT_TEAM = FBLG66BV63;
				INFOPLIST_FILE = CircleCiTests/Info.plist;
				LD_RUNPATH_SEARCH_PATHS = (
					"$(inherited)",
					"@executable_path/Frameworks",
					"@loader_path/Frameworks",
				);
				PRODUCT_BUNDLE_IDENTIFIER = PillarTechnology.CircleCiTests;
				PRODUCT_NAME = "$(TARGET_NAME)";
				SWIFT_VERSION = 4.2;
				TARGETED_DEVICE_FAMILY = "1,2";
				TEST_HOST = "$(BUILT_PRODUCTS_DIR)/CircleCi.app/CircleCi";
			};
			name = Debug;
		};
		74A7F6E921E6456C00F27BD7 /* Release */ = {
			isa = XCBuildConfiguration;
			baseConfigurationReference = 0AD53E7BE29738C4D3A0F913 /* Pods-CircleCiTests.release.xcconfig */;
			buildSettings = {
				ALWAYS_EMBED_SWIFT_STANDARD_LIBRARIES = YES;
				BUNDLE_LOADER = "$(TEST_HOST)";
				CODE_SIGN_STYLE = Automatic;
				DEVELOPMENT_TEAM = FBLG66BV63;
				INFOPLIST_FILE = CircleCiTests/Info.plist;
				LD_RUNPATH_SEARCH_PATHS = (
					"$(inherited)",
					"@executable_path/Frameworks",
					"@loader_path/Frameworks",
				);
				PRODUCT_BUNDLE_IDENTIFIER = PillarTechnology.CircleCiTests;
				PRODUCT_NAME = "$(TARGET_NAME)";
				SWIFT_VERSION = 4.2;
				TARGETED_DEVICE_FAMILY = "1,2";
				TEST_HOST = "$(BUILT_PRODUCTS_DIR)/CircleCi.app/CircleCi";
			};
			name = Release;
		};
		74A7F6EB21E6456C00F27BD7 /* Debug */ = {
			isa = XCBuildConfiguration;
			baseConfigurationReference = 7A954D3704E542FE340DE832 /* Pods-CircleCiUITests.debug.xcconfig */;
			buildSettings = {
				ALWAYS_EMBED_SWIFT_STANDARD_LIBRARIES = YES;
				CODE_SIGN_STYLE = Automatic;
				DEVELOPMENT_TEAM = FBLG66BV63;
				INFOPLIST_FILE = CircleCiUITests/Info.plist;
				LD_RUNPATH_SEARCH_PATHS = (
					"$(inherited)",
					"@executable_path/Frameworks",
					"@loader_path/Frameworks",
				);
				PRODUCT_BUNDLE_IDENTIFIER = PillarTechnology.CircleCiUITests;
				PRODUCT_NAME = "$(TARGET_NAME)";
				SWIFT_VERSION = 4.2;
				TARGETED_DEVICE_FAMILY = "1,2";
				TEST_TARGET_NAME = CircleCi;
			};
			name = Debug;
		};
		74A7F6EC21E6456C00F27BD7 /* Release */ = {
			isa = XCBuildConfiguration;
			baseConfigurationReference = 6E1A4E04BDE7D298478C410F /* Pods-CircleCiUITests.release.xcconfig */;
			buildSettings = {
				ALWAYS_EMBED_SWIFT_STANDARD_LIBRARIES = YES;
				CODE_SIGN_STYLE = Automatic;
				DEVELOPMENT_TEAM = FBLG66BV63;
				INFOPLIST_FILE = CircleCiUITests/Info.plist;
				LD_RUNPATH_SEARCH_PATHS = (
					"$(inherited)",
					"@executable_path/Frameworks",
					"@loader_path/Frameworks",
				);
				PRODUCT_BUNDLE_IDENTIFIER = PillarTechnology.CircleCiUITests;
				PRODUCT_NAME = "$(TARGET_NAME)";
				SWIFT_VERSION = 4.2;
				TARGETED_DEVICE_FAMILY = "1,2";
				TEST_TARGET_NAME = CircleCi;
			};
			name = Release;
		};
/* End XCBuildConfiguration section */

/* Begin XCConfigurationList section */
		74A7F6B721E6456A00F27BD7 /* Build configuration list for PBXProject "CircleCi" */ = {
			isa = XCConfigurationList;
			buildConfigurations = (
				74A7F6E221E6456C00F27BD7 /* Debug */,
				74A7F6E321E6456C00F27BD7 /* Release */,
			);
			defaultConfigurationIsVisible = 0;
			defaultConfigurationName = Release;
		};
		74A7F6E421E6456C00F27BD7 /* Build configuration list for PBXNativeTarget "CircleCi" */ = {
			isa = XCConfigurationList;
			buildConfigurations = (
				74A7F6E521E6456C00F27BD7 /* Debug */,
				74A7F6E621E6456C00F27BD7 /* Release */,
			);
			defaultConfigurationIsVisible = 0;
			defaultConfigurationName = Release;
		};
		74A7F6E721E6456C00F27BD7 /* Build configuration list for PBXNativeTarget "CircleCiTests" */ = {
			isa = XCConfigurationList;
			buildConfigurations = (
				74A7F6E821E6456C00F27BD7 /* Debug */,
				74A7F6E921E6456C00F27BD7 /* Release */,
			);
			defaultConfigurationIsVisible = 0;
			defaultConfigurationName = Release;
		};
		74A7F6EA21E6456C00F27BD7 /* Build configuration list for PBXNativeTarget "CircleCiUITests" */ = {
			isa = XCConfigurationList;
			buildConfigurations = (
				74A7F6EB21E6456C00F27BD7 /* Debug */,
				74A7F6EC21E6456C00F27BD7 /* Release */,
			);
			defaultConfigurationIsVisible = 0;
			defaultConfigurationName = Release;
		};
/* End XCConfigurationList section */
	};
	rootObject = 74A7F6B421E6456A00F27BD7 /* Project object */;
}
